
Microsoft Visual Studio Solution File, Format Version 12.00
# Visual Studio Version 16
VisualStudioVersion = 16.0.29911.84
MinimumVisualStudioVersion = 10.0.40219.1
Project("{9A19103F-16F7-4668-BE54-9A1E7A4F7556}") = "CoreValueFinder", "CoreValueFinder\CoreValueFinder.csproj", "{53AB4349-8276-432E-84C4-731923553B69}"
EndProject
Project("{FAE04EC0-301F-11D3-BF4B-00C04F79EFBC}") = "CoreValueFinderTests", "CoreValueFinderTests\CoreValueFinderTests.csproj", "{8EECB4F8-01D3-4824-8947-F9C7A545AE69}"
EndProject
Global
	GlobalSection(SolutionConfigurationPlatforms) = preSolution
		Debug|Any CPU = Debug|Any CPU
		Release|Any CPU = Release|Any CPU
	EndGlobalSection
	GlobalSection(ProjectConfigurationPlatforms) = postSolution
		{53AB4349-8276-432E-84C4-731923553B69}.Debug|Any CPU.ActiveCfg = Debug|Any CPU
		{53AB4349-8276-432E-84C4-731923553B69}.Debug|Any CPU.Build.0 = Debug|Any CPU
		{53AB4349-8276-432E-84C4-731923553B69}.Release|Any CPU.ActiveCfg = Release|Any CPU
		{53AB4349-8276-432E-84C4-731923553B69}.Release|Any CPU.Build.0 = Release|Any CPU
		{8EECB4F8-01D3-4824-8947-F9C7A545AE69}.Debug|Any CPU.ActiveCfg = Debug|Any CPU
		{8EECB4F8-01D3-4824-8947-F9C7A545AE69}.Debug|Any CPU.Build.0 = Debug|Any CPU
		{8EECB4F8-01D3-4824-8947-F9C7A545AE69}.Release|Any CPU.ActiveCfg = Release|Any CPU
		{8EECB4F8-01D3-4824-8947-F9C7A545AE69}.Release|Any CPU.Build.0 = Release|Any CPU
	EndGlobalSection
	GlobalSection(SolutionProperties) = preSolution
		HideSolutionNode = FALSE
	EndGlobalSection
	GlobalSection(ExtensibilityGlobals) = postSolution
		SolutionGuid = {F3F8696B-3B40-450B-BECB-7B5B50EE0151}
	EndGlobalSection
EndGlobal
